{
  "requires": true,
  "lockfileVersion": 1,
  "dependencies": {
    "markdown-it-disable-url-encode": {
      "version": "1.0.1",
      "resolved": "https://registry.npmjs.org/markdown-it-disable-url-encode/-/markdown-it-disable-url-encode-1.0.1.tgz",
      "integrity": "sha512-M/0GhhOzQcS8d2aFXF5SBSPjEmvfovkCgmVgZUm2B9nStEAVCb8bCfYVPaHNfem6M0TrBcdruF/PH1hKxwPIUw==",
      "dev": true
    },
    "mdurl": {
      "version": "1.0.1",
      "resolved": "https://registry.npmjs.org/mdurl/-/mdurl-1.0.1.tgz",
      "integrity": "sha1-/oWy7HWlkDfyrf7BAP1sYBdhFS4=",
      "dev": true
    }
  }
}
